
Microsoft Visual Studio Solution File, Format Version 12.00
# Visual Studio Version 16
VisualStudioVersion = 16.0.29728.190
MinimumVisualStudioVersion = 10.0.40219.1
Project("{9A19103F-16F7-4668-BE54-9A1E7A4F7556}") = "CalcAreaLib", "CalcAreaLib\CalcAreaLib.csproj", "{FDA54028-96B0-4653-B451-F2403A24A0DE}"
EndProject
Project("{9A19103F-16F7-4668-BE54-9A1E7A4F7556}") = "MathFigureAreaLibView", "MathFigureAreaLibView\MathFigureAreaLibView.csproj", "{956D3092-D7CB-433C-8946-C1213B6799ED}"
EndProject
Global
	GlobalSection(SolutionConfigurationPlatforms) = preSolution
		Debug|Any CPU = Debug|Any CPU
		Release|Any CPU = Release|Any CPU
	EndGlobalSection
	GlobalSection(ProjectConfigurationPlatforms) = postSolution
		{FDA54028-96B0-4653-B451-F2403A24A0DE}.Debug|Any CPU.ActiveCfg = Debug|Any CPU
		{FDA54028-96B0-4653-B451-F2403A24A0DE}.Debug|Any CPU.Build.0 = Debug|Any CPU
		{FDA54028-96B0-4653-B451-F2403A24A0DE}.Release|Any CPU.ActiveCfg = Release|Any CPU
		{FDA54028-96B0-4653-B451-F2403A24A0DE}.Release|Any CPU.Build.0 = Release|Any CPU
		{956D3092-D7CB-433C-8946-C1213B6799ED}.Debug|Any CPU.ActiveCfg = Debug|Any CPU
		{956D3092-D7CB-433C-8946-C1213B6799ED}.Debug|Any CPU.Build.0 = Debug|Any CPU
		{956D3092-D7CB-433C-8946-C1213B6799ED}.Release|Any CPU.ActiveCfg = Release|Any CPU
		{956D3092-D7CB-433C-8946-C1213B6799ED}.Release|Any CPU.Build.0 = Release|Any CPU
	EndGlobalSection
	GlobalSection(SolutionProperties) = preSolution
		HideSolutionNode = FALSE
	EndGlobalSection
	GlobalSection(ExtensibilityGlobals) = postSolution
		SolutionGuid = {5A5EFAD6-7D49-47E2-838A-669190C1C072}
	EndGlobalSection
EndGlobal
